
Microsoft Visual Studio Solution File, Format Version 12.00
# Visual Studio 15
VisualStudioVersion = 15.0.28010.2048
MinimumVisualStudioVersion = 10.0.40219.1
Project("{FAE04EC0-301F-11D3-BF4B-00C04F79EFBC}") = "Triangle Type Program", "Triangle Type Program\Triangle Type Program.csproj", "{26F545BA-00F4-4390-BECB-211416E3FFE4}"
EndProject
Project("{FAE04EC0-301F-11D3-BF4B-00C04F79EFBC}") = "TriangleTypeTests", "TriangleTypeTests\TriangleTypeTests.csproj", "{3CC9DD68-BA35-4F4E-9938-3EAC22548F09}"
EndProject
Global
	GlobalSection(SolutionConfigurationPlatforms) = preSolution
		Debug|Any CPU = Debug|Any CPU
		Release|Any CPU = Release|Any CPU
	EndGlobalSection
	GlobalSection(ProjectConfigurationPlatforms) = postSolution
		{26F545BA-00F4-4390-BECB-211416E3FFE4}.Debug|Any CPU.ActiveCfg = Debug|Any CPU
		{26F545BA-00F4-4390-BECB-211416E3FFE4}.Debug|Any CPU.Build.0 = Debug|Any CPU
		{26F545BA-00F4-4390-BECB-211416E3FFE4}.Release|Any CPU.ActiveCfg = Release|Any CPU
		{26F545BA-00F4-4390-BECB-211416E3FFE4}.Release|Any CPU.Build.0 = Release|Any CPU
		{3CC9DD68-BA35-4F4E-9938-3EAC22548F09}.Debug|Any CPU.ActiveCfg = Debug|Any CPU
		{3CC9DD68-BA35-4F4E-9938-3EAC22548F09}.Debug|Any CPU.Build.0 = Debug|Any CPU
		{3CC9DD68-BA35-4F4E-9938-3EAC22548F09}.Release|Any CPU.ActiveCfg = Release|Any CPU
		{3CC9DD68-BA35-4F4E-9938-3EAC22548F09}.Release|Any CPU.Build.0 = Release|Any CPU
	EndGlobalSection
	GlobalSection(SolutionProperties) = preSolution
		HideSolutionNode = FALSE
	EndGlobalSection
	GlobalSection(ExtensibilityGlobals) = postSolution
		SolutionGuid = {AE81389C-E92C-4D61-8A27-EA9BEAB262D6}
	EndGlobalSection
EndGlobal
